
Microsoft Visual Studio Solution File, Format Version 12.00
# Visual Studio Version 17
VisualStudioVersion = 17.14.36429.23 d17.14
MinimumVisualStudioVersion = 10.0.40219.1
Project("{8BC9CEB8-8B4A-11D0-8D11-00A0C91BC942}") = "directoryOfBanks", "directoryOfBanks\directoryOfBanks.vcxproj", "{F716B1FD-9E17-4D96-BB6B-737484EE41E3}"
EndProject
Global
	GlobalSection(SolutionConfigurationPlatforms) = preSolution
		Debug|x64 = Debug|x64
		Debug|x86 = Debug|x86
		Release|x64 = Release|x64
		Release|x86 = Release|x86
	EndGlobalSection
	GlobalSection(ProjectConfigurationPlatforms) = postSolution
		{F716B1FD-9E17-4D96-BB6B-737484EE41E3}.Debug|x64.ActiveCfg = Debug|x64
		{F716B1FD-9E17-4D96-BB6B-737484EE41E3}.Debug|x64.Build.0 = Debug|x64
		{F716B1FD-9E17-4D96-BB6B-737484EE41E3}.Debug|x86.ActiveCfg = Debug|Win32
		{F716B1FD-9E17-4D96-BB6B-737484EE41E3}.Debug|x86.Build.0 = Debug|Win32
		{F716B1FD-9E17-4D96-BB6B-737484EE41E3}.Release|x64.ActiveCfg = Release|x64
		{F716B1FD-9E17-4D96-BB6B-737484EE41E3}.Release|x64.Build.0 = Release|x64
		{F716B1FD-9E17-4D96-BB6B-737484EE41E3}.Release|x86.ActiveCfg = Release|Win32
		{F716B1FD-9E17-4D96-BB6B-737484EE41E3}.Release|x86.Build.0 = Release|Win32
	EndGlobalSection
	GlobalSection(SolutionProperties) = preSolution
		HideSolutionNode = FALSE
	EndGlobalSection
	GlobalSection(ExtensibilityGlobals) = postSolution
		SolutionGuid = {937EFBA8-0E29-4A5E-8790-E738C152EC43}
	EndGlobalSection
EndGlobal
